[[package]]
name = "black"
version = "21.12b0"
description = "The uncompromising code formatter."
category = "dev"
optional = false
python-versions = ">=3.6.2"

[package.dependencies]
click = ">=7.1.2"
mypy-extensions = ">=0.4.3"
pathspec = ">=0.9.0,<1"
platformdirs = ">=2"
tomli = ">=0.2.6,<2.0.0"
typing-extensions = [
    {version = ">=3.10.0.0", markers = "python_version < \"3.10\""},
    {version = "!=3.10.0.1", markers = "python_version >= \"3.10\""},
]

[package.extras]
colorama = ["colorama (>=0.4.3)"]
d = ["aiohttp (>=3.7.4)"]
jupyter = ["ipython (>=7.8.0)", "tokenize-rt (>=3.2.0)"]
python2 = ["typed-ast (>=1.4.3)"]
uvloop = ["uvloop (>=0.15.2)"]

[[package]]
name = "click"
version = "8.0.3"
description = "Composable command line interface toolkit"
category = "dev"
optional = false
python-versions = ">=3.6"

[package.dependencies]
colorama = {version = "*", markers = "platform_system == \"Windows\""}

[[package]]
name = "colorama"
version = "0.4.4"
description = "Cross-platform colored terminal text."
category = "dev"
optional = false
python-versions = ">=2.7, !=3.0.*, !=3.1.*, !=3.2.*, !=3.3.*, !=3.4.*"

[[package]]
name = "cython"
version = "0.29.27"
description = "The Cython compiler for writing C extensions for the Python language."
category = "dev"
optional = false
python-versions = ">=2.6, !=3.0.*, !=3.1.*, !=3.2.*"

[[package]]
name = "fcspline"
version = "0.1"
description = "A fast cubic spline interpolator for real and complex data."
category = "main"
optional = false
python-versions = ">=3.9,<3.11"
develop = false

[package.dependencies]
numpy = "^1.20.3"
scipy = "^1.7.3"

[package.source]
type = "git"
url = "https://github.com/vale981/fcSpline"
reference = "master"
resolved_reference = "d10ecf2045c5aa8f2a9982ea66109b8c6f0433ca"

[[package]]
name = "mpmath"
version = "1.2.1"
description = "Python library for arbitrary-precision floating-point arithmetic"
category = "main"
optional = false
python-versions = "*"

[package.extras]
develop = ["pytest (>=4.6)", "pycodestyle", "pytest-cov", "codecov", "wheel"]
tests = ["pytest (>=4.6)"]

[[package]]
name = "mypy-extensions"
version = "0.4.3"
description = "Experimental type system extensions for programs checked with the mypy typechecker."
category = "dev"
optional = false
python-versions = "*"

[[package]]
name = "numpy"
version = "1.22.2"
description = "NumPy is the fundamental package for array computing with Python."
category = "main"
optional = false
python-versions = ">=3.8"

[[package]]
name = "pathspec"
version = "0.9.0"
description = "Utility library for gitignore style pattern matching of file paths."
category = "dev"
optional = false
python-versions = "!=3.0.*,!=3.1.*,!=3.2.*,!=3.3.*,!=3.4.*,>=2.7"

[[package]]
name = "platformdirs"
version = "2.4.1"
description = "A small Python module for determining appropriate platform-specific dirs, e.g. a \"user data dir\"."
category = "dev"
optional = false
python-versions = ">=3.7"

[package.extras]
docs = ["Sphinx (>=4)", "furo (>=2021.7.5b38)", "proselint (>=0.10.2)", "sphinx-autodoc-typehints (>=1.12)"]
test = ["appdirs (==1.4.4)", "pytest (>=6)", "pytest-cov (>=2.7)", "pytest-mock (>=3.6)"]

[[package]]
name = "scipy"
version = "1.7.3"
description = "SciPy: Scientific Library for Python"
category = "main"
optional = false
python-versions = ">=3.7,<3.11"

[package.dependencies]
numpy = ">=1.16.5,<1.23.0"

[[package]]
name = "tomli"
version = "1.2.3"
description = "A lil' TOML parser"
category = "dev"
optional = false
python-versions = ">=3.6"

[[package]]
name = "typing-extensions"
version = "4.0.1"
description = "Backported and Experimental Type Hints for Python 3.6+"
category = "dev"
optional = false
python-versions = ">=3.6"

[metadata]
lock-version = "1.1"
python-versions = ">=3.9,<3.11"
content-hash = "979721bee90031dd60188ca34a606455f0f65e0a7ab655415772c946250ce316"

[metadata.files]
black = [
    {file = "black-21.12b0-py3-none-any.whl", hash = "sha256:a615e69ae185e08fdd73e4715e260e2479c861b5740057fde6e8b4e3b7dd589f"},
    {file = "black-21.12b0.tar.gz", hash = "sha256:77b80f693a569e2e527958459634f18df9b0ba2625ba4e0c2d5da5be42e6f2b3"},
]
click = [
    {file = "click-8.0.3-py3-none-any.whl", hash = "sha256:353f466495adaeb40b6b5f592f9f91cb22372351c84caeb068132442a4518ef3"},
    {file = "click-8.0.3.tar.gz", hash = "sha256:410e932b050f5eed773c4cda94de75971c89cdb3155a72a0831139a79e5ecb5b"},
]
colorama = [
    {file = "colorama-0.4.4-py2.py3-none-any.whl", hash = "sha256:9f47eda37229f68eee03b24b9748937c7dc3868f906e8ba69fbcbdd3bc5dc3e2"},
    {file = "colorama-0.4.4.tar.gz", hash = "sha256:5941b2b48a20143d2267e95b1c2a7603ce057ee39fd88e7329b0c292aa16869b"},
]
cython = [
    {file = "Cython-0.29.27-cp27-cp27m-manylinux_2_5_i686.manylinux1_i686.whl", hash = "sha256:af2b4e1e267737dae1732f02a9b567f58420a3e2f572dc4416829647ec109886"},
    {file = "Cython-0.29.27-cp27-cp27m-manylinux_2_5_x86_64.manylinux1_x86_64.whl", hash = "sha256:62326774873cd1eff0cf7ca9132a1b6442541fe67c84dcfe97beb6a30f983b22"},
    {file = "Cython-0.29.27-cp27-cp27mu-manylinux_2_5_i686.manylinux1_i686.whl", hash = "sha256:0cb3da73547ed22d4b579990c229620b274d6935e3964f21abe15e4f7af6abf1"},
    {file = "Cython-0.29.27-cp27-cp27mu-manylinux_2_5_x86_64.manylinux1_x86_64.whl", hash = "sha256:314280475ba4ab334e6b40e502a1b3b36ac37a710a63b0a74c6a61dde5f7593c"},
    {file = "Cython-0.29.27-cp310-cp310-manylinux_2_17_aarch64.manylinux2014_aarch64.manylinux_2_24_aarch64.whl", hash = "sha256:8e2963153212c3e699276059095fd9e20c5c97872b6dda893e7acfc5cef64df8"},
    {file = "Cython-0.29.27-cp310-cp310-manylinux_2_17_x86_64.manylinux2014_x86_64.manylinux_2_24_x86_64.whl", hash = "sha256:80ea3b60d5e5b3b13ce90a4071734bbd88cf688fcfd3c82db0b47ae1e944c6a2"},
    {file = "Cython-0.29.27-cp310-cp310-manylinux_2_5_i686.manylinux1_i686.manylinux_2_24_i686.whl", hash = "sha256:25cb8e663dbd1e14a8f05dd6a79974ce6f0232b4dc417000fd790938face0304"},
    {file = "Cython-0.29.27-cp310-cp310-musllinux_1_1_x86_64.whl", hash = "sha256:7f3a5b826d9650268ff9bd7308bf79d8077b3b452da03337656d455bba05a9be"},
    {file = "Cython-0.29.27-cp35-cp35m-manylinux_2_5_i686.manylinux1_i686.whl", hash = "sha256:a1035e568cdc48dbd74f565828b36019fdb1b1437b3d7c1164c6f2a0757608f7"},
    {file = "Cython-0.29.27-cp35-cp35m-manylinux_2_5_x86_64.manylinux1_x86_64.whl", hash = "sha256:179e8cf796f72df8977705c7887eee3231945f665c594ad1631fe690363bfb8e"},
    {file = "Cython-0.29.27-cp36-cp36m-manylinux_2_17_aarch64.manylinux2014_aarch64.manylinux_2_24_aarch64.whl", hash = "sha256:abcefbfb2c8f1b35c121a727745eb03c64cc15d0d71ebd827a6ce5c609503daa"},
    {file = "Cython-0.29.27-cp36-cp36m-manylinux_2_17_x86_64.manylinux2014_x86_64.manylinux_2_24_x86_64.whl", hash = "sha256:7742cac4a5a41c73309bc1bab568e955ad35eacaedf3b00971bc44afe0b5f04e"},
    {file = "Cython-0.29.27-cp36-cp36m-manylinux_2_5_i686.manylinux1_i686.manylinux_2_24_i686.whl", hash = "sha256:f4a01915e33a524fca2a1e2512c0afc07f9fc51637f874bed1a831b56e789374"},
    {file = "Cython-0.29.27-cp36-cp36m-manylinux_2_5_i686.manylinux1_i686.whl", hash = "sha256:3138e4f89cb7e79d35bd6cbefe2d62c4723f2184ee414905ee0981ae0fbd92d6"},
    {file = "Cython-0.29.27-cp36-cp36m-manylinux_2_5_x86_64.manylinux1_x86_64.whl", hash = "sha256:2dfdb4d5f63a0ae6748592b319878cbe360b12997cd8074836ef159381955d16"},
    {file = "Cython-0.29.27-cp36-cp36m-musllinux_1_1_x86_64.whl", hash = "sha256:4b9dbe37907b6b76d9673720e848209399b48530f6ab6178fa3a49d1af4a8d00"},
    {file = "Cython-0.29.27-cp37-cp37m-manylinux_2_17_aarch64.manylinux2014_aarch64.manylinux_2_24_aarch64.whl", hash = "sha256:ab4301aabcd75a436df0bbe13dbd9a3a9b6d3ad6aeb3ab577606af1642e134c2"},
    {file = "Cython-0.29.27-cp37-cp37m-manylinux_2_17_x86_64.manylinux2014_x86_64.manylinux_2_24_x86_64.whl", hash = "sha256:93e9f7c522f5ab3ea4e32ce6f42b123cb0bd9cdfe49726b5e43c4e5719654146"},
    {file = "Cython-0.29.27-cp37-cp37m-manylinux_2_5_i686.manylinux1_i686.manylinux_2_24_i686.whl", hash = "sha256:6d337965a49dd52bc410685dbf63f2a95d6aa8d8be153a87c4178a06ff0e8ccd"},
    {file = "Cython-0.29.27-cp37-cp37m-manylinux_2_5_i686.manylinux1_i686.whl", hash = "sha256:1500dce7ae102bb27243b92a8461b9f7fd08c4514886e9a0da8b266de8e5c561"},
    {file = "Cython-0.29.27-cp37-cp37m-manylinux_2_5_x86_64.manylinux1_x86_64.whl", hash = "sha256:03e0e9164e0a279c094897c6ae1505d816da59f98d664a77911b8d33f492e3f3"},
    {file = "Cython-0.29.27-cp37-cp37m-musllinux_1_1_x86_64.whl", hash = "sha256:0636e377ad81b8a106b12cddc57d3e69df94e03c77bdbccd0bd4394dda2484c9"},
    {file = "Cython-0.29.27-cp38-cp38-manylinux_2_17_aarch64.manylinux2014_aarch64.manylinux_2_24_aarch64.whl", hash = "sha256:77519bc6816a0fa648795ef0d5337c18e4b7be1c43c4944599a87004037579c5"},
    {file = "Cython-0.29.27-cp38-cp38-manylinux_2_17_x86_64.manylinux2014_x86_64.manylinux_2_24_x86_64.whl", hash = "sha256:65757e10590a1fbce84135491a5b53a1dc8c792cff78db4bb76b09d6df21dc0e"},
    {file = "Cython-0.29.27-cp38-cp38-manylinux_2_5_i686.manylinux1_i686.manylinux_2_24_i686.whl", hash = "sha256:0bf5182c6bf3fe73cf14f902506baa2b6ec3cea057775393f24eb66d3f2d1a51"},
    {file = "Cython-0.29.27-cp38-cp38-manylinux_2_5_i686.manylinux1_i686.whl", hash = "sha256:d46fef39778dfb1d62e577c02dd2bac3930b9d28419d070ee0dae297e4a90af1"},
    {file = "Cython-0.29.27-cp38-cp38-manylinux_2_5_x86_64.manylinux1_x86_64.whl", hash = "sha256:ca361afc6152221476bc89c335d54b8241502c57b89c760ded9f2f2de2e2a0b5"},
    {file = "Cython-0.29.27-cp38-cp38-musllinux_1_1_x86_64.whl", hash = "sha256:00c0f379763bf5f37a2180e4943cb69d0d96e90637aba596c3d9bc061c09f44d"},
    {file = "Cython-0.29.27-cp39-cp39-manylinux_2_17_aarch64.manylinux2014_aarch64.manylinux_2_24_aarch64.whl", hash = "sha256:a571dcba3fbd755c187bb464a4cdaf1ce71ca7b92bdb8122c46c1812b86b6c2f"},
    {file = "Cython-0.29.27-cp39-cp39-manylinux_2_17_x86_64.manylinux2014_x86_64.manylinux_2_24_x86_64.whl", hash = "sha256:11e88a9826ad71a0ab7eda04d065cb34f320b2f453bc654436c42870f79a7c47"},
    {file = "Cython-0.29.27-cp39-cp39-manylinux_2_5_i686.manylinux1_i686.manylinux_2_24_i686.whl", hash = "sha256:f3c738662c572676883561a393c8fb6e7a807ffb8fcd286c510ed88c27f53a65"},
    {file = "Cython-0.29.27-cp39-cp39-manylinux_2_5_i686.manylinux1_i686.whl", hash = "sha256:6670e5643fa05112aa88ea8f54088396fe5c113383cd898100450ad156fe1e4a"},
    {file = "Cython-0.29.27-cp39-cp39-manylinux_2_5_x86_64.manylinux1_x86_64.whl", hash = "sha256:f054331ed29f81cfd22335b96af9d33788b01338b1a5b7939f18412336ab06fd"},
    {file = "Cython-0.29.27-cp39-cp39-musllinux_1_1_x86_64.whl", hash = "sha256:7149835ef701f8f9a417059253f52f393e4334d3819caf8ceab4194c9c4098ce"},
    {file = "Cython-0.29.27-py2.py3-none-any.whl", hash = "sha256:8e7ced83f7a3ab619abe03fa2ae2de888cc429028263c95655189085346b8fcc"},
    {file = "Cython-0.29.27.tar.gz", hash = "sha256:c6a442504db906dfc13a480e96850cced994ecdc076bcf492c43515b78f70da2"},
]
fcspline = []
mpmath = [
    {file = "mpmath-1.2.1-py3-none-any.whl", hash = "sha256:604bc21bd22d2322a177c73bdb573994ef76e62edd595d17e00aff24b0667e5c"},
    {file = "mpmath-1.2.1.tar.gz", hash = "sha256:79ffb45cf9f4b101a807595bcb3e72e0396202e0b1d25d689134b48c4216a81a"},
]
mypy-extensions = [
    {file = "mypy_extensions-0.4.3-py2.py3-none-any.whl", hash = "sha256:090fedd75945a69ae91ce1303b5824f428daf5a028d2f6ab8a299250a846f15d"},
    {file = "mypy_extensions-0.4.3.tar.gz", hash = "sha256:2d82818f5bb3e369420cb3c4060a7970edba416647068eb4c5343488a6c604a8"},
]
numpy = [
    {file = "numpy-1.22.2-cp310-cp310-macosx_10_14_x86_64.whl", hash = "sha256:515a8b6edbb904594685da6e176ac9fbea8f73a5ebae947281de6613e27f1956"},
    {file = "numpy-1.22.2-cp310-cp310-macosx_11_0_arm64.whl", hash = "sha256:76a4f9bce0278becc2da7da3b8ef854bed41a991f4226911a24a9711baad672c"},
    {file = "numpy-1.22.2-cp310-cp310-manylinux_2_17_aarch64.manylinux2014_aarch64.whl", hash = "sha256:168259b1b184aa83a514f307352c25c56af111c269ffc109d9704e81f72e764b"},
    {file = "numpy-1.22.2-cp310-cp310-manylinux_2_17_x86_64.manylinux2014_x86_64.whl", hash = "sha256:3556c5550de40027d3121ebbb170f61bbe19eb639c7ad0c7b482cd9b560cd23b"},
    {file = "numpy-1.22.2-cp310-cp310-win_amd64.whl", hash = "sha256:aafa46b5a39a27aca566198d3312fb3bde95ce9677085efd02c86f7ef6be4ec7"},
    {file = "numpy-1.22.2-cp38-cp38-macosx_10_14_x86_64.whl", hash = "sha256:55535c7c2f61e2b2fc817c5cbe1af7cb907c7f011e46ae0a52caa4be1f19afe2"},
    {file = "numpy-1.22.2-cp38-cp38-macosx_11_0_arm64.whl", hash = "sha256:60cb8e5933193a3cc2912ee29ca331e9c15b2da034f76159b7abc520b3d1233a"},
    {file = "numpy-1.22.2-cp38-cp38-manylinux_2_17_aarch64.manylinux2014_aarch64.whl", hash = "sha256:0b536b6840e84c1c6a410f3a5aa727821e6108f3454d81a5cd5900999ef04f89"},
    {file = "numpy-1.22.2-cp38-cp38-manylinux_2_17_x86_64.manylinux2014_x86_64.whl", hash = "sha256:2638389562bda1635b564490d76713695ff497242a83d9b684d27bb4a6cc9d7a"},
    {file = "numpy-1.22.2-cp38-cp38-win32.whl", hash = "sha256:6767ad399e9327bfdbaa40871be4254d1995f4a3ca3806127f10cec778bd9896"},
    {file = "numpy-1.22.2-cp38-cp38-win_amd64.whl", hash = "sha256:03ae5850619abb34a879d5f2d4bb4dcd025d6d8fb72f5e461dae84edccfe129f"},
    {file = "numpy-1.22.2-cp39-cp39-macosx_10_14_x86_64.whl", hash = "sha256:d76a26c5118c4d96e264acc9e3242d72e1a2b92e739807b3b69d8d47684b6677"},
    {file = "numpy-1.22.2-cp39-cp39-macosx_11_0_arm64.whl", hash = "sha256:15efb7b93806d438e3bc590ca8ef2f953b0ce4f86f337ef4559d31ec6cf9d7dd"},
    {file = "numpy-1.22.2-cp39-cp39-manylinux_2_17_aarch64.manylinux2014_aarch64.whl", hash = "sha256:badca914580eb46385e7f7e4e426fea6de0a37b9e06bec252e481ae7ec287082"},
    {file = "numpy-1.22.2-cp39-cp39-manylinux_2_17_x86_64.manylinux2014_x86_64.whl", hash = "sha256:94dd11d9f13ea1be17bac39c1942f527cbf7065f94953cf62dfe805653da2f8f"},
    {file = "numpy-1.22.2-cp39-cp39-win32.whl", hash = "sha256:8cf33634b60c9cef346663a222d9841d3bbbc0a2f00221d6bcfd0d993d5543f6"},
    {file = "numpy-1.22.2-cp39-cp39-win_amd64.whl", hash = "sha256:59153979d60f5bfe9e4c00e401e24dfe0469ef8da6d68247439d3278f30a180f"},
    {file = "numpy-1.22.2-pp38-pypy38_pp73-manylinux_2_17_x86_64.manylinux2014_x86_64.whl", hash = "sha256:4a176959b6e7e00b5a0d6f549a479f869829bfd8150282c590deee6d099bbb6e"},
    {file = "numpy-1.22.2.zip", hash = "sha256:076aee5a3763d41da6bef9565fdf3cb987606f567cd8b104aded2b38b7b47abf"},
]
pathspec = [
    {file = "pathspec-0.9.0-py2.py3-none-any.whl", hash = "sha256:7d15c4ddb0b5c802d161efc417ec1a2558ea2653c2e8ad9c19098201dc1c993a"},
    {file = "pathspec-0.9.0.tar.gz", hash = "sha256:e564499435a2673d586f6b2130bb5b95f04a3ba06f81b8f895b651a3c76aabb1"},
]
platformdirs = [
    {file = "platformdirs-2.4.1-py3-none-any.whl", hash = "sha256:1d7385c7db91728b83efd0ca99a5afb296cab9d0ed8313a45ed8ba17967ecfca"},
    {file = "platformdirs-2.4.1.tar.gz", hash = "sha256:440633ddfebcc36264232365d7840a970e75e1018d15b4327d11f91909045fda"},
]
scipy = [
    {file = "scipy-1.7.3-1-cp310-cp310-macosx_12_0_arm64.whl", hash = "sha256:c9e04d7e9b03a8a6ac2045f7c5ef741be86727d8f49c45db45f244bdd2bcff17"},
    {file = "scipy-1.7.3-1-cp38-cp38-macosx_12_0_arm64.whl", hash = "sha256:b0e0aeb061a1d7dcd2ed59ea57ee56c9b23dd60100825f98238c06ee5cc4467e"},
    {file = "scipy-1.7.3-1-cp39-cp39-macosx_12_0_arm64.whl", hash = "sha256:b78a35c5c74d336f42f44106174b9851c783184a85a3fe3e68857259b37b9ffb"},
    {file = "scipy-1.7.3-cp310-cp310-macosx_10_9_x86_64.whl", hash = "sha256:173308efba2270dcd61cd45a30dfded6ec0085b4b6eb33b5eb11ab443005e088"},
    {file = "scipy-1.7.3-cp310-cp310-macosx_12_0_arm64.whl", hash = "sha256:21b66200cf44b1c3e86495e3a436fc7a26608f92b8d43d344457c54f1c024cbc"},
    {file = "scipy-1.7.3-cp310-cp310-manylinux_2_17_aarch64.manylinux2014_aarch64.whl", hash = "sha256:ceebc3c4f6a109777c0053dfa0282fddb8893eddfb0d598574acfb734a926168"},
    {file = "scipy-1.7.3-cp310-cp310-manylinux_2_17_x86_64.manylinux2014_x86_64.whl", hash = "sha256:f7eaea089345a35130bc9a39b89ec1ff69c208efa97b3f8b25ea5d4c41d88094"},
    {file = "scipy-1.7.3-cp310-cp310-win_amd64.whl", hash = "sha256:304dfaa7146cffdb75fbf6bb7c190fd7688795389ad060b970269c8576d038e9"},
    {file = "scipy-1.7.3-cp37-cp37m-macosx_10_9_x86_64.whl", hash = "sha256:033ce76ed4e9f62923e1f8124f7e2b0800db533828c853b402c7eec6e9465d80"},
    {file = "scipy-1.7.3-cp37-cp37m-manylinux_2_12_i686.manylinux2010_i686.whl", hash = "sha256:4d242d13206ca4302d83d8a6388c9dfce49fc48fdd3c20efad89ba12f785bf9e"},
    {file = "scipy-1.7.3-cp37-cp37m-manylinux_2_12_x86_64.manylinux2010_x86_64.whl", hash = "sha256:8499d9dd1459dc0d0fe68db0832c3d5fc1361ae8e13d05e6849b358dc3f2c279"},
    {file = "scipy-1.7.3-cp37-cp37m-manylinux_2_17_aarch64.manylinux2014_aarch64.whl", hash = "sha256:ca36e7d9430f7481fc7d11e015ae16fbd5575615a8e9060538104778be84addf"},
    {file = "scipy-1.7.3-cp37-cp37m-win32.whl", hash = "sha256:e2c036492e673aad1b7b0d0ccdc0cb30a968353d2c4bf92ac8e73509e1bf212c"},
    {file = "scipy-1.7.3-cp37-cp37m-win_amd64.whl", hash = "sha256:866ada14a95b083dd727a845a764cf95dd13ba3dc69a16b99038001b05439709"},
    {file = "scipy-1.7.3-cp38-cp38-macosx_10_9_x86_64.whl", hash = "sha256:65bd52bf55f9a1071398557394203d881384d27b9c2cad7df9a027170aeaef93"},
    {file = "scipy-1.7.3-cp38-cp38-macosx_12_0_arm64.whl", hash = "sha256:f99d206db1f1ae735a8192ab93bd6028f3a42f6fa08467d37a14eb96c9dd34a3"},
    {file = "scipy-1.7.3-cp38-cp38-manylinux_2_12_i686.manylinux2010_i686.whl", hash = "sha256:5f2cfc359379c56b3a41b17ebd024109b2049f878badc1e454f31418c3a18436"},
    {file = "scipy-1.7.3-cp38-cp38-manylinux_2_17_aarch64.manylinux2014_aarch64.whl", hash = "sha256:eb7ae2c4dbdb3c9247e07acc532f91077ae6dbc40ad5bd5dca0bb5a176ee9bda"},
    {file = "scipy-1.7.3-cp38-cp38-manylinux_2_17_x86_64.manylinux2014_x86_64.whl", hash = "sha256:95c2d250074cfa76715d58830579c64dff7354484b284c2b8b87e5a38321672c"},
    {file = "scipy-1.7.3-cp38-cp38-win32.whl", hash = "sha256:87069cf875f0262a6e3187ab0f419f5b4280d3dcf4811ef9613c605f6e4dca95"},
    {file = "scipy-1.7.3-cp38-cp38-win_amd64.whl", hash = "sha256:7edd9a311299a61e9919ea4192dd477395b50c014cdc1a1ac572d7c27e2207fa"},
    {file = "scipy-1.7.3-cp39-cp39-macosx_10_9_x86_64.whl", hash = "sha256:eef93a446114ac0193a7b714ce67659db80caf940f3232bad63f4c7a81bc18df"},
    {file = "scipy-1.7.3-cp39-cp39-macosx_12_0_arm64.whl", hash = "sha256:eb326658f9b73c07081300daba90a8746543b5ea177184daed26528273157294"},
    {file = "scipy-1.7.3-cp39-cp39-manylinux_2_12_i686.manylinux2010_i686.whl", hash = "sha256:93378f3d14fff07572392ce6a6a2ceb3a1f237733bd6dcb9eb6a2b29b0d19085"},
    {file = "scipy-1.7.3-cp39-cp39-manylinux_2_17_aarch64.manylinux2014_aarch64.whl", hash = "sha256:edad1cf5b2ce1912c4d8ddad20e11d333165552aba262c882e28c78bbc09dbf6"},
    {file = "scipy-1.7.3-cp39-cp39-manylinux_2_17_x86_64.manylinux2014_x86_64.whl", hash = "sha256:5d1cc2c19afe3b5a546ede7e6a44ce1ff52e443d12b231823268019f608b9b12"},
    {file = "scipy-1.7.3-cp39-cp39-win32.whl", hash = "sha256:2c56b820d304dffcadbbb6cbfbc2e2c79ee46ea291db17e288e73cd3c64fefa9"},
    {file = "scipy-1.7.3-cp39-cp39-win_amd64.whl", hash = "sha256:3f78181a153fa21c018d346f595edd648344751d7f03ab94b398be2ad083ed3e"},
    {file = "scipy-1.7.3.tar.gz", hash = "sha256:ab5875facfdef77e0a47d5fd39ea178b58e60e454a4c85aa1e52fcb80db7babf"},
]
tomli = [
    {file = "tomli-1.2.3-py3-none-any.whl", hash = "sha256:e3069e4be3ead9668e21cb9b074cd948f7b3113fd9c8bba083f48247aab8b11c"},
    {file = "tomli-1.2.3.tar.gz", hash = "sha256:05b6166bff487dc068d322585c7ea4ef78deed501cc124060e0f238e89a9231f"},
]
typing-extensions = [
    {file = "typing_extensions-4.0.1-py3-none-any.whl", hash = "sha256:7f001e5ac290a0c0401508864c7ec868be4e701886d5b573a9528ed3973d9d3b"},
    {file = "typing_extensions-4.0.1.tar.gz", hash = "sha256:4ca091dea149f945ec56afb48dae714f21e8692ef22a395223bcd328961b6a0e"},
]
